// !$*UTF8*$!
{
	archiveVersion = 1;
	classes = {
	};
	objectVersion = 46;
	objects = {

/* Begin PBXBuildFile section */
		D94178CC1D6E6A7600FF79CC /* Item.swift in Sources */ = {isa = PBXBuildFile; fileRef = D94178CB1D6E6A7600FF79CC /* Item.swift */; };
		D94178CD1D6E6A7600FF79CC /* Item.swift in Sources */ = {isa = PBXBuildFile; fileRef = D94178CB1D6E6A7600FF79CC /* Item.swift */; };
		D94178D01D6E6E1800FF79CC /* ProductGroup.swift in Sources */ = {isa = PBXBuildFile; fileRef = D94178CF1D6E6E1800FF79CC /* ProductGroup.swift */; };
		D94178D11D6E6E1800FF79CC /* ProductGroup.swift in Sources */ = {isa = PBXBuildFile; fileRef = D94178CF1D6E6E1800FF79CC /* ProductGroup.swift */; };
		D94178D31D6E6E3A00FF79CC /* Aisle.swift in Sources */ = {isa = PBXBuildFile; fileRef = D94178D21D6E6E3A00FF79CC /* Aisle.swift */; };
		D94178D41D6E6E3A00FF79CC /* Aisle.swift in Sources */ = {isa = PBXBuildFile; fileRef = D94178D21D6E6E3A00FF79CC /* Aisle.swift */; };
		D94178D61D6E73D100FF79CC /* AisleList.swift in Sources */ = {isa = PBXBuildFile; fileRef = D94178D51D6E73D100FF79CC /* AisleList.swift */; };
		D94178D71D6E73D100FF79CC /* AisleList.swift in Sources */ = {isa = PBXBuildFile; fileRef = D94178D51D6E73D100FF79CC /* AisleList.swift */; };
		D94178D91D6E73F900FF79CC /* Patron.swift in Sources */ = {isa = PBXBuildFile; fileRef = D94178D81D6E73F900FF79CC /* Patron.swift */; };
		D94178DA1D6E73F900FF79CC /* Patron.swift in Sources */ = {isa = PBXBuildFile; fileRef = D94178D81D6E73F900FF79CC /* Patron.swift */; };
		D94178DC1D6E743F00FF79CC /* Store.swift in Sources */ = {isa = PBXBuildFile; fileRef = D94178DB1D6E743F00FF79CC /* Store.swift */; };
		D94178DD1D6E743F00FF79CC /* Store.swift in Sources */ = {isa = PBXBuildFile; fileRef = D94178DB1D6E743F00FF79CC /* Store.swift */; };
		D99DF2031D874E99000EF6EF /* ItemList.swift in Sources */ = {isa = PBXBuildFile; fileRef = D99DF2021D874E99000EF6EF /* ItemList.swift */; };
		D99DF2041D874E99000EF6EF /* ItemList.swift in Sources */ = {isa = PBXBuildFile; fileRef = D99DF2021D874E99000EF6EF /* ItemList.swift */; };
		D99DF20F1D889A7B000EF6EF /* StoreModel.plist in Resources */ = {isa = PBXBuildFile; fileRef = D99DF20E1D889A7B000EF6EF /* StoreModel.plist */; };
		D99DF2101D889A7B000EF6EF /* StoreModel.plist in Resources */ = {isa = PBXBuildFile; fileRef = D99DF20E1D889A7B000EF6EF /* StoreModel.plist */; };
		D9AB11A01D6E18D5004A1875 /* AppDelegate.swift in Sources */ = {isa = PBXBuildFile; fileRef = D9AB119F1D6E18D5004A1875 /* AppDelegate.swift */; };
		D9AB11A21D6E18D5004A1875 /* ViewController.swift in Sources */ = {isa = PBXBuildFile; fileRef = D9AB11A11D6E18D5004A1875 /* ViewController.swift */; };
		D9AB11A51D6E18D5004A1875 /* Main.storyboard in Resources */ = {isa = PBXBuildFile; fileRef = D9AB11A31D6E18D5004A1875 /* Main.storyboard */; };
		D9AB11A81D6E18D5004A1875 /* AisleAideDemo.xcdatamodeld in Sources */ = {isa = PBXBuildFile; fileRef = D9AB11A61D6E18D5004A1875 /* AisleAideDemo.xcdatamodeld */; };
		D9AB11AA1D6E18D5004A1875 /* Assets.xcassets in Resources */ = {isa = PBXBuildFile; fileRef = D9AB11A91D6E18D5004A1875 /* Assets.xcassets */; };
		D9AB11AD1D6E18D5004A1875 /* LaunchScreen.storyboard in Resources */ = {isa = PBXBuildFile; fileRef = D9AB11AB1D6E18D5004A1875 /* LaunchScreen.storyboard */; };
		D9AB11B81D6E18D5004A1875 /* AisleAideDemoTests.swift in Sources */ = {isa = PBXBuildFile; fileRef = D9AB11B71D6E18D5004A1875 /* AisleAideDemoTests.swift */; };
/* End PBXBuildFile section */

/* Begin PBXContainerItemProxy section */
		D9AB11B41D6E18D5004A1875 /* PBXContainerItemProxy */ = {
			isa = PBXContainerItemProxy;
			containerPortal = D9AB11941D6E18D5004A1875 /* Project object */;
			proxyType = 1;
			remoteGlobalIDString = D9AB119B1D6E18D5004A1875;
			remoteInfo = AisleAideDemo;
		};
/* End PBXContainerItemProxy section */

/* Begin PBXFileReference section */
		D94178CB1D6E6A7600FF79CC /* Item.swift */ = {isa = PBXFileReference; fileEncoding = 4; lastKnownFileType = sourcecode.swift; path = Item.swift; sourceTree = "<group>"; };
		D94178CF1D6E6E1800FF79CC /* ProductGroup.swift */ = {isa = PBXFileReference; fileEncoding = 4; lastKnownFileType = sourcecode.swift; path = ProductGroup.swift; sourceTree = "<group>"; };
		D94178D21D6E6E3A00FF79CC /* Aisle.swift */ = {isa = PBXFileReference; fileEncoding = 4; lastKnownFileType = sourcecode.swift; path = Aisle.swift; sourceTree = "<group>"; };
		D94178D51D6E73D100FF79CC /* AisleList.swift */ = {isa = PBXFileReference; fileEncoding = 4; lastKnownFileType = sourcecode.swift; path = AisleList.swift; sourceTree = "<group>"; };
		D94178D81D6E73F900FF79CC /* Patron.swift */ = {isa = PBXFileReference; fileEncoding = 4; lastKnownFileType = sourcecode.swift; path = Patron.swift; sourceTree = "<group>"; };
		D94178DB1D6E743F00FF79CC /* Store.swift */ = {isa = PBXFileReference; fileEncoding = 4; lastKnownFileType = sourcecode.swift; path = Store.swift; sourceTree = "<group>"; };
		D99DF2021D874E99000EF6EF /* ItemList.swift */ = {isa = PBXFileReference; fileEncoding = 4; lastKnownFileType = sourcecode.swift; name = ItemList.swift; path = ../ItemList.swift; sourceTree = "<group>"; };
		D99DF20E1D889A7B000EF6EF /* StoreModel.plist */ = {isa = PBXFileReference; fileEncoding = 4; lastKnownFileType = text.plist.xml; path = StoreModel.plist; sourceTree = "<group>"; };
		D9AB119C1D6E18D5004A1875 /* AisleAideDemo.app */ = {isa = PBXFileReference; explicitFileType = wrapper.application; includeInIndex = 0; path = AisleAideDemo.app; sourceTree = BUILT_PRODUCTS_DIR; };
		D9AB119F1D6E18D5004A1875 /* AppDelegate.swift */ = {isa = PBXFileReference; lastKnownFileType = sourcecode.swift; path = AppDelegate.swift; sourceTree = "<group>"; };
		D9AB11A11D6E18D5004A1875 /* ViewController.swift */ = {isa = PBXFileReference; lastKnownFileType = sourcecode.swift; path = ViewController.swift; sourceTree = "<group>"; };
		D9AB11A41D6E18D5004A1875 /* Base */ = {isa = PBXFileReference; lastKnownFileType = file.storyboard; name = Base; path = Base.lproj/Main.storyboard; sourceTree = "<group>"; };
		D9AB11A71D6E18D5004A1875 /* AisleAideDemo.xcdatamodel */ = {isa = PBXFileReference; lastKnownFileType = wrapper.xcdatamodel; path = AisleAideDemo.xcdatamodel; sourceTree = "<group>"; };
		D9AB11A91D6E18D5004A1875 /* Assets.xcassets */ = {isa = PBXFileReference; lastKnownFileType = folder.assetcatalog; path = Assets.xcassets; sourceTree = "<group>"; };
		D9AB11AC1D6E18D5004A1875 /* Base */ = {isa = PBXFileReference; lastKnownFileType = file.storyboard; name = Base; path = Base.lproj/LaunchScreen.storyboard; sourceTree = "<group>"; };
		D9AB11AE1D6E18D5004A1875 /* Info.plist */ = {isa = PBXFileReference; lastKnownFileType = text.plist.xml; path = Info.plist; sourceTree = "<group>"; };
		D9AB11B31D6E18D5004A1875 /* AisleAideDemoTests.xctest */ = {isa = PBXFileReference; explicitFileType = wrapper.cfbundle; includeInIndex = 0; path = AisleAideDemoTests.xctest; sourceTree = BUILT_PRODUCTS_DIR; };
		D9AB11B71D6E18D5004A1875 /* AisleAideDemoTests.swift */ = {isa = PBXFileReference; lastKnownFileType = sourcecode.swift; path = AisleAideDemoTests.swift; sourceTree = "<group>"; };
		D9AB11B91D6E18D5004A1875 /* Info.plist */ = {isa = PBXFileReference; lastKnownFileType = text.plist.xml; path = Info.plist; sourceTree = "<group>"; };
/* End PBXFileReference section */

/* Begin PBXFrameworksBuildPhase section */
		D9AB11991D6E18D5004A1875 /* Frameworks */ = {
			isa = PBXFrameworksBuildPhase;
			buildActionMask = 2147483647;
			files = (
			);
			runOnlyForDeploymentPostprocessing = 0;
		};
		D9AB11B01D6E18D5004A1875 /* Frameworks */ = {
			isa = PBXFrameworksBuildPhase;
			buildActionMask = 2147483647;
			files = (
			);
			runOnlyForDeploymentPostprocessing = 0;
		};
/* End PBXFrameworksBuildPhase section */

/* Begin PBXGroup section */
		D94178CE1D6E6DCD00FF79CC /* AisleAide System Objects */ = {
			isa = PBXGroup;
			children = (
				D94178CB1D6E6A7600FF79CC /* Item.swift */,
				D94178D51D6E73D100FF79CC /* AisleList.swift */,
				D94178D81D6E73F900FF79CC /* Patron.swift */,
				D94178DB1D6E743F00FF79CC /* Store.swift */,
				D94178D21D6E6E3A00FF79CC /* Aisle.swift */,
				D94178CF1D6E6E1800FF79CC /* ProductGroup.swift */,
				D99DF2021D874E99000EF6EF /* ItemList.swift */,
			);
			name = "AisleAide System Objects";
			sourceTree = "<group>";
		};
		D9AB11931D6E18D5004A1875 = {
			isa = PBXGroup;
			children = (
				D9AB119E1D6E18D5004A1875 /* AisleAideDemo */,
				D9AB11B61D6E18D5004A1875 /* AisleAideDemoTests */,
				D9AB119D1D6E18D5004A1875 /* Products */,
			);
			sourceTree = "<group>";
		};
		D9AB119D1D6E18D5004A1875 /* Products */ = {
			isa = PBXGroup;
			children = (
				D9AB119C1D6E18D5004A1875 /* AisleAideDemo.app */,
				D9AB11B31D6E18D5004A1875 /* AisleAideDemoTests.xctest */,
			);
			name = Products;
			sourceTree = "<group>";
		};
		D9AB119E1D6E18D5004A1875 /* AisleAideDemo */ = {
			isa = PBXGroup;
			children = (
				D9AB119F1D6E18D5004A1875 /* AppDelegate.swift */,
				D9AB11A11D6E18D5004A1875 /* ViewController.swift */,
				D94178CE1D6E6DCD00FF79CC /* AisleAide System Objects */,
				D9AB11A31D6E18D5004A1875 /* Main.storyboard */,
				D9AB11A91D6E18D5004A1875 /* Assets.xcassets */,
				D9AB11AB1D6E18D5004A1875 /* LaunchScreen.storyboard */,
				D9AB11AE1D6E18D5004A1875 /* Info.plist */,
				D99DF20E1D889A7B000EF6EF /* StoreModel.plist */,
				D9AB11A61D6E18D5004A1875 /* AisleAideDemo.xcdatamodeld */,
			);
			path = AisleAideDemo;
			sourceTree = "<group>";
		};
		D9AB11B61D6E18D5004A1875 /* AisleAideDemoTests */ = {
			isa = PBXGroup;
			children = (
				D9AB11B71D6E18D5004A1875 /* AisleAideDemoTests.swift */,
				D9AB11B91D6E18D5004A1875 /* Info.plist */,
			);
			path = AisleAideDemoTests;
			sourceTree = "<group>";
		};
/* End PBXGroup section */

/* Begin PBXNativeTarget section */
		D9AB119B1D6E18D5004A1875 /* AisleAideDemo */ = {
			isa = PBXNativeTarget;
			buildConfigurationList = D9AB11BC1D6E18D5004A1875 /* Build configuration list for PBXNativeTarget "AisleAideDemo" */;
			buildPhases = (
				D9AB11981D6E18D5004A1875 /* Sources */,
				D9AB11991D6E18D5004A1875 /* Frameworks */,
				D9AB119A1D6E18D5004A1875 /* Resources */,
			);
			buildRules = (
			);
			dependencies = (
			);
			name = AisleAideDemo;
			productName = AisleAideDemo;
			productReference = D9AB119C1D6E18D5004A1875 /* AisleAideDemo.app */;
			productType = "com.apple.product-type.application";
		};
		D9AB11B21D6E18D5004A1875 /* AisleAideDemoTests */ = {
			isa = PBXNativeTarget;
			buildConfigurationList = D9AB11BF1D6E18D5004A1875 /* Build configuration list for PBXNativeTarget "AisleAideDemoTests" */;
			buildPhases = (
				D9AB11AF1D6E18D5004A1875 /* Sources */,
				D9AB11B01D6E18D5004A1875 /* Frameworks */,
				D9AB11B11D6E18D5004A1875 /* Resources */,
			);
			buildRules = (
			);
			dependencies = (
				D9AB11B51D6E18D5004A1875 /* PBXTargetDependency */,
			);
			name = AisleAideDemoTests;
			productName = AisleAideDemoTests;
			productReference = D9AB11B31D6E18D5004A1875 /* AisleAideDemoTests.xctest */;
			productType = "com.apple.product-type.bundle.unit-test";
		};
/* End PBXNativeTarget section */

/* Begin PBXProject section */
		D9AB11941D6E18D5004A1875 /* Project object */ = {
			isa = PBXProject;
			attributes = {
				LastSwiftUpdateCheck = 0730;
				LastUpgradeCheck = 0730;
				ORGANIZATIONNAME = "MyerSoft Solutions";
				TargetAttributes = {
					D9AB119B1D6E18D5004A1875 = {
						CreatedOnToolsVersion = 7.3.1;
					};
					D9AB11B21D6E18D5004A1875 = {
						CreatedOnToolsVersion = 7.3.1;
						TestTargetID = D9AB119B1D6E18D5004A1875;
					};
				};
			};
			buildConfigurationList = D9AB11971D6E18D5004A1875 /* Build configuration list for PBXProject "AisleAideDemo" */;
			compatibilityVersion = "Xcode 3.2";
			developmentRegion = English;
			hasScannedForEncodings = 0;
			knownRegions = (
				en,
				Base,
			);
			mainGroup = D9AB11931D6E18D5004A1875;
			productRefGroup = D9AB119D1D6E18D5004A1875 /* Products */;
			projectDirPath = "";
			projectRoot = "";
			targets = (
				D9AB119B1D6E18D5004A1875 /* AisleAideDemo */,
				D9AB11B21D6E18D5004A1875 /* AisleAideDemoTests */,
			);
		};
/* End PBXProject section */

/* Begin PBXResourcesBuildPhase section */
		D9AB119A1D6E18D5004A1875 /* Resources */ = {
			isa = PBXResourcesBuildPhase;
			buildActionMask = 2147483647;
			files = (
				D99DF20F1D889A7B000EF6EF /* StoreModel.plist in Resources */,
				D9AB11AD1D6E18D5004A1875 /* LaunchScreen.storyboard in Resources */,
				D9AB11AA1D6E18D5004A1875 /* Assets.xcassets in Resources */,
				D9AB11A51D6E18D5004A1875 /* Main.storyboard in Resources */,
			);
			runOnlyForDeploymentPostprocessing = 0;
		};
		D9AB11B11D6E18D5004A1875 /* Resources */ = {
			isa = PBXResourcesBuildPhase;
			buildActionMask = 2147483647;
			files = (
				D99DF2101D889A7B000EF6EF /* StoreModel.plist in Resources */,
			);
			runOnlyForDeploymentPostprocessing = 0;
		};
/* End PBXResourcesBuildPhase section */

/* Begin PBXSourcesBuildPhase section */
		D9AB11981D6E18D5004A1875 /* Sources */ = {
			isa = PBXSourcesBuildPhase;
			buildActionMask = 2147483647;
			files = (
				D94178CC1D6E6A7600FF79CC /* Item.swift in Sources */,
				D9AB11A21D6E18D5004A1875 /* ViewController.swift in Sources */,
				D9AB11A01D6E18D5004A1875 /* AppDelegate.swift in Sources */,
				D94178DC1D6E743F00FF79CC /* Store.swift in Sources */,
				D94178D91D6E73F900FF79CC /* Patron.swift in Sources */,
				D9AB11A81D6E18D5004A1875 /* AisleAideDemo.xcdatamodeld in Sources */,
				D99DF2031D874E99000EF6EF /* ItemList.swift in Sources */,
				D94178D61D6E73D100FF79CC /* AisleList.swift in Sources */,
				D94178D31D6E6E3A00FF79CC /* Aisle.swift in Sources */,
				D94178D01D6E6E1800FF79CC /* ProductGroup.swift in Sources */,
			);
			runOnlyForDeploymentPostprocessing = 0;
		};
		D9AB11AF1D6E18D5004A1875 /* Sources */ = {
			isa = PBXSourcesBuildPhase;
			buildActionMask = 2147483647;
			files = (
				D94178DD1D6E743F00FF79CC /* Store.swift in Sources */,
				D94178D41D6E6E3A00FF79CC /* Aisle.swift in Sources */,
				D94178CD1D6E6A7600FF79CC /* Item.swift in Sources */,
				D94178D11D6E6E1800FF79CC /* ProductGroup.swift in Sources */,
				D99DF2041D874E99000EF6EF /* ItemList.swift in Sources */,
				D9AB11B81D6E18D5004A1875 /* AisleAideDemoTests.swift in Sources */,
				D94178D71D6E73D100FF79CC /* AisleList.swift in Sources */,
				D94178DA1D6E73F900FF79CC /* Patron.swift in Sources */,
			);
			runOnlyForDeploymentPostprocessing = 0;
		};
/* End PBXSourcesBuildPhase section */

/* Begin PBXTargetDependency section */
		D9AB11B51D6E18D5004A1875 /* PBXTargetDependency */ = {
			isa = PBXTargetDependency;
			target = D9AB119B1D6E18D5004A1875 /* AisleAideDemo */;
			targetProxy = D9AB11B41D6E18D5004A1875 /* PBXContainerItemProxy */;
		};
/* End PBXTargetDependency section */

/* Begin PBXVariantGroup section */
		D9AB11A31D6E18D5004A1875 /* Main.storyboard */ = {
			isa = PBXVariantGroup;
			children = (
				D9AB11A41D6E18D5004A1875 /* Base */,
			);
			name = Main.storyboard;
			sourceTree = "<group>";
		};
		D9AB11AB1D6E18D5004A1875 /* LaunchScreen.storyboard */ = {
			isa = PBXVariantGroup;
			children = (
				D9AB11AC1D6E18D5004A1875 /* Base */,
			);
			name = LaunchScreen.storyboard;
			sourceTree = "<group>";
		};
/* End PBXVariantGroup section */

/* Begin XCBuildConfiguration section */
		D9AB11BA1D6E18D5004A1875 /* Debug */ = {
			isa = XCBuildConfiguration;
			buildSettings = {
				ALWAYS_SEARCH_USER_PATHS = NO;
				CLANG_ANALYZER_NONNULL = YES;
				CLANG_CXX_LANGUAGE_STANDARD = "gnu++0x";
				CLANG_CXX_LIBRARY = "libc++";
				CLANG_ENABLE_MODULES = YES;
				CLANG_ENABLE_OBJC_ARC = YES;
				CLANG_WARN_BOOL_CONVERSION = YES;
				CLANG_WARN_CONSTANT_CONVERSION = YES;
				CLANG_WARN_DIRECT_OBJC_ISA_USAGE = YES_ERROR;
				CLANG_WARN_EMPTY_BODY = YES;
				CLANG_WARN_ENUM_CONVERSION = YES;
				CLANG_WARN_INT_CONVERSION = YES;
				CLANG_WARN_OBJC_ROOT_CLASS = YES_ERROR;
				CLANG_WARN_UNREACHABLE_CODE = YES;
				CLANG_WARN__DUPLICATE_METHOD_MATCH = YES;
				"CODE_SIGN_IDENTITY[sdk=iphoneos*]" = "iPhone Developer";
				COPY_PHASE_STRIP = NO;
				DEBUG_INFORMATION_FORMAT = dwarf;
				ENABLE_STRICT_OBJC_MSGSEND = YES;
				ENABLE_TESTABILITY = YES;
				GCC_C_LANGUAGE_STANDARD = gnu99;
				GCC_DYNAMIC_NO_PIC = NO;
				GCC_NO_COMMON_BLOCKS = YES;
				GCC_OPTIMIZATION_LEVEL = 0;
				GCC_PREPROCESSOR_DEFINITIONS = (
					"DEBUG=1",
					"$(inherited)",
				);
				GCC_WARN_64_TO_32_BIT_CONVERSION = YES;
				GCC_WARN_ABOUT_RETURN_TYPE = YES_ERROR;
				GCC_WARN_UNDECLARED_SELECTOR = YES;
				GCC_WARN_UNINITIALIZED_AUTOS = YES_AGGRESSIVE;
				GCC_WARN_UNUSED_FUNCTION = YES;
				GCC_WARN_UNUSED_VARIABLE = YES;
				IPHONEOS_DEPLOYMENT_TARGET = 9.3;
				MTL_ENABLE_DEBUG_INFO = YES;
				ONLY_ACTIVE_ARCH = YES;
				SDKROOT = iphoneos;
				SWIFT_OPTIMIZATION_LEVEL = "-Onone";
			};
			name = Debug;
		};
		D9AB11BB1D6E18D5004A1875 /* Release */ = {
			isa = XCBuildConfiguration;
			buildSettings = {
				ALWAYS_SEARCH_USER_PATHS = NO;
				CLANG_ANALYZER_NONNULL = YES;
				CLANG_CXX_LANGUAGE_STANDARD = "gnu++0x";
				CLANG_CXX_LIBRARY = "libc++";
				CLANG_ENABLE_MODULES = YES;
				CLANG_ENABLE_OBJC_ARC = YES;
				CLANG_WARN_BOOL_CONVERSION = YES;
				CLANG_WARN_CONSTANT_CONVERSION = YES;
				CLANG_WARN_DIRECT_OBJC_ISA_USAGE = YES_ERROR;
				CLANG_WARN_EMPTY_BODY = YES;
				CLANG_WARN_ENUM_CONVERSION = YES;
				CLANG_WARN_INT_CONVERSION = YES;
				CLANG_WARN_OBJC_ROOT_CLASS = YES_ERROR;
				CLANG_WARN_UNREACHABLE_CODE = YES;
				CLANG_WARN__DUPLICATE_METHOD_MATCH = YES;
				"CODE_SIGN_IDENTITY[sdk=iphoneos*]" = "iPhone Developer";
				COPY_PHASE_STRIP = NO;
				DEBUG_INFORMATION_FORMAT = "dwarf-with-dsym";
				ENABLE_NS_ASSERTIONS = NO;
				ENABLE_STRICT_OBJC_MSGSEND = YES;
				GCC_C_LANGUAGE_STANDARD = gnu99;
				GCC_NO_COMMON_BLOCKS = YES;
				GCC_WARN_64_TO_32_BIT_CONVERSION = YES;
				GCC_WARN_ABOUT_RETURN_TYPE = YES_ERROR;
				GCC_WARN_UNDECLARED_SELECTOR = YES;
				GCC_WARN_UNINITIALIZED_AUTOS = YES_AGGRESSIVE;
				GCC_WARN_UNUSED_FUNCTION = YES;
				GCC_WARN_UNUSED_VARIABLE = YES;
				IPHONEOS_DEPLOYMENT_TARGET = 9.3;
				MTL_ENABLE_DEBUG_INFO = NO;
				SDKROOT = iphoneos;
				VALIDATE_PRODUCT = YES;
			};
			name = Release;
		};
		D9AB11BD1D6E18D5004A1875 /* Debug */ = {
			isa = XCBuildConfiguration;
			buildSettings = {
				ASSETCATALOG_COMPILER_APPICON_NAME = AppIcon;
				INFOPLIST_FILE = AisleAideDemo/Info.plist;
				LD_RUNPATH_SEARCH_PATHS = "$(inherited) @executable_path/Frameworks";
				PRODUCT_BUNDLE_IDENTIFIER = com.MyerSoftSol.AisleAideDemo;
				PRODUCT_NAME = "$(TARGET_NAME)";
			};
			name = Debug;
		};
		D9AB11BE1D6E18D5004A1875 /* Release */ = {
			isa = XCBuildConfiguration;
			buildSettings = {
				ASSETCATALOG_COMPILER_APPICON_NAME = AppIcon;
				INFOPLIST_FILE = AisleAideDemo/Info.plist;
				LD_RUNPATH_SEARCH_PATHS = "$(inherited) @executable_path/Frameworks";
				PRODUCT_BUNDLE_IDENTIFIER = com.MyerSoftSol.AisleAideDemo;
				PRODUCT_NAME = "$(TARGET_NAME)";
			};
			name = Release;
		};
		D9AB11C01D6E18D5004A1875 /* Debug */ = {
			isa = XCBuildConfiguration;
			buildSettings = {
				BUNDLE_LOADER = "$(TEST_HOST)";
				INFOPLIST_FILE = AisleAideDemoTests/Info.plist;
				LD_RUNPATH_SEARCH_PATHS = "$(inherited) @executable_path/Frameworks @loader_path/Frameworks";
				PRODUCT_BUNDLE_IDENTIFIER = com.MyerSoftSol.AisleAideDemoTests;
				PRODUCT_NAME = "$(TARGET_NAME)";
				TEST_HOST = "$(BUILT_PRODUCTS_DIR)/AisleAideDemo.app/AisleAideDemo";
			};
			name = Debug;
		};
		D9AB11C11D6E18D5004A1875 /* Release */ = {
			isa = XCBuildConfiguration;
			buildSettings = {
				BUNDLE_LOADER = "$(TEST_HOST)";
				INFOPLIST_FILE = AisleAideDemoTests/Info.plist;
				LD_RUNPATH_SEARCH_PATHS = "$(inherited) @executable_path/Frameworks @loader_path/Frameworks";
				PRODUCT_BUNDLE_IDENTIFIER = com.MyerSoftSol.AisleAideDemoTests;
				PRODUCT_NAME = "$(TARGET_NAME)";
				TEST_HOST = "$(BUILT_PRODUCTS_DIR)/AisleAideDemo.app/AisleAideDemo";
			};
			name = Release;
		};
/* End XCBuildConfiguration section */

/* Begin XCConfigurationList section */
		D9AB11971D6E18D5004A1875 /* Build configuration list for PBXProject "AisleAideDemo" */ = {
			isa = XCConfigurationList;
			buildConfigurations = (
				D9AB11BA1D6E18D5004A1875 /* Debug */,
				D9AB11BB1D6E18D5004A1875 /* Release */,
			);
			defaultConfigurationIsVisible = 0;
			defaultConfigurationName = Release;
		};
		D9AB11BC1D6E18D5004A1875 /* Build configuration list for PBXNativeTarget "AisleAideDemo" */ = {
			isa = XCConfigurationList;
			buildConfigurations = (
				D9AB11BD1D6E18D5004A1875 /* Debug */,
				D9AB11BE1D6E18D5004A1875 /* Release */,
			);
			defaultConfigurationIsVisible = 0;
			defaultConfigurationName = Release;
		};
		D9AB11BF1D6E18D5004A1875 /* Build configuration list for PBXNativeTarget "AisleAideDemoTests" */ = {
			isa = XCConfigurationList;
			buildConfigurations = (
				D9AB11C01D6E18D5004A1875 /* Debug */,
				D9AB11C11D6E18D5004A1875 /* Release */,
			);
			defaultConfigurationIsVisible = 0;
			defaultConfigurationName = Release;
		};
/* End XCConfigurationList section */

/* Begin XCVersionGroup section */
		D9AB11A61D6E18D5004A1875 /* AisleAideDemo.xcdatamodeld */ = {
			isa = XCVersionGroup;
			children = (
				D9AB11A71D6E18D5004A1875 /* AisleAideDemo.xcdatamodel */,
			);
			currentVersion = D9AB11A71D6E18D5004A1875 /* AisleAideDemo.xcdatamodel */;
			path = AisleAideDemo.xcdatamodeld;
			sourceTree = "<group>";
			versionGroupType = wrapper.xcdatamodel;
		};
/* End XCVersionGroup section */
	};
	rootObject = D9AB11941D6E18D5004A1875 /* Project object */;
}
